
Microsoft Visual Studio Solution File, Format Version 12.00
# Visual Studio Version 17
VisualStudioVersion = 17.0.31903.59
MinimumVisualStudioVersion = 10.0.40219.1
Project("{2150E333-8FDC-42A3-9474-1A3956D46DE8}") = "src", "src", "{A89EB8B7-7D52-40B6-9676-6CFB19AFC98C}"
EndProject
Project("{FAE04EC0-301F-11D3-BF4B-00C04F79EFBC}") = "OptiPowerTools.Hangfire", "src\OptiPowerTools.Hangfire\OptiPowerTools.Hangfire.csproj", "{B9F4B465-050E-4C3E-B6B9-11D12278EC2C}"
EndProject
Project("{FAE04EC0-301F-11D3-BF4B-00C04F79EFBC}") = "OptiPowerTools.Hangfire.Web", "src\OptiPowerTools.Hangfire.Web\OptiPowerTools.Hangfire.Web.csproj", "{15791CFF-DC8C-46B7-AFCA-8A61DAF4A29A}"
EndProject
Project("{2150E333-8FDC-42A3-9474-1A3956D46DE8}") = "tests", "tests", "{FD007A12-128B-4BBE-83B1-FFD36EED030B}"
EndProject
Project("{FAE04EC0-301F-11D3-BF4B-00C04F79EFBC}") = "OptiPowerTools.Hangfire.Tests", "tests\OptiPowerTools.Hangfire.Tests\OptiPowerTools.Hangfire.Tests.csproj", "{CB75818B-3BC7-480A-A779-FE6BC66F81ED}"
EndProject
Project("{FAE04EC0-301F-11D3-BF4B-00C04F79EFBC}") = "OptiPowerTools.Hangfire.Tools", "src\OptiPowerTools.Hangfire.Tools\OptiPowerTools.Hangfire.Tools.csproj", "{47CA1B76-584D-492B-A772-0D0C8FCBBCDB}"
EndProject
Project("{FAE04EC0-301F-11D3-BF4B-00C04F79EFBC}") = "OptiPowerTools.Hangfire.Tools.Tests", "tests\OptiPowerTools.Hangfire.Tools.Tests\OptiPowerTools.Hangfire.Tools.Tests.csproj", "{99994607-13E7-4472-80C7-A2817E5B019D}"
EndProject
Global
	GlobalSection(SolutionConfigurationPlatforms) = preSolution
		Debug|Any CPU = Debug|Any CPU
		Debug|x64 = Debug|x64
		Debug|x86 = Debug|x86
		Release|Any CPU = Release|Any CPU
		Release|x64 = Release|x64
		Release|x86 = Release|x86
	EndGlobalSection
	GlobalSection(ProjectConfigurationPlatforms) = postSolution
		{B9F4B465-050E-4C3E-B6B9-11D12278EC2C}.Debug|Any CPU.ActiveCfg = Debug|Any CPU
		{B9F4B465-050E-4C3E-B6B9-11D12278EC2C}.Debug|Any CPU.Build.0 = Debug|Any CPU
		{B9F4B465-050E-4C3E-B6B9-11D12278EC2C}.Debug|x64.ActiveCfg = Debug|Any CPU
		{B9F4B465-050E-4C3E-B6B9-11D12278EC2C}.Debug|x64.Build.0 = Debug|Any CPU
		{B9F4B465-050E-4C3E-B6B9-11D12278EC2C}.Debug|x86.ActiveCfg = Debug|Any CPU
		{B9F4B465-050E-4C3E-B6B9-11D12278EC2C}.Debug|x86.Build.0 = Debug|Any CPU
		{B9F4B465-050E-4C3E-B6B9-11D12278EC2C}.Release|Any CPU.ActiveCfg = Release|Any CPU
		{B9F4B465-050E-4C3E-B6B9-11D12278EC2C}.Release|Any CPU.Build.0 = Release|Any CPU
		{B9F4B465-050E-4C3E-B6B9-11D12278EC2C}.Release|x64.ActiveCfg = Release|Any CPU
		{B9F4B465-050E-4C3E-B6B9-11D12278EC2C}.Release|x64.Build.0 = Release|Any CPU
		{B9F4B465-050E-4C3E-B6B9-11D12278EC2C}.Release|x86.ActiveCfg = Release|Any CPU
		{B9F4B465-050E-4C3E-B6B9-11D12278EC2C}.Release|x86.Build.0 = Release|Any CPU
		{15791CFF-DC8C-46B7-AFCA-8A61DAF4A29A}.Debug|Any CPU.ActiveCfg = Debug|Any CPU
		{15791CFF-DC8C-46B7-AFCA-8A61DAF4A29A}.Debug|Any CPU.Build.0 = Debug|Any CPU
		{15791CFF-DC8C-46B7-AFCA-8A61DAF4A29A}.Debug|x64.ActiveCfg = Debug|Any CPU
		{15791CFF-DC8C-46B7-AFCA-8A61DAF4A29A}.Debug|x64.Build.0 = Debug|Any CPU
		{15791CFF-DC8C-46B7-AFCA-8A61DAF4A29A}.Debug|x86.ActiveCfg = Debug|Any CPU
		{15791CFF-DC8C-46B7-AFCA-8A61DAF4A29A}.Debug|x86.Build.0 = Debug|Any CPU
		{15791CFF-DC8C-46B7-AFCA-8A61DAF4A29A}.Release|Any CPU.ActiveCfg = Release|Any CPU
		{15791CFF-DC8C-46B7-AFCA-8A61DAF4A29A}.Release|Any CPU.Build.0 = Release|Any CPU
		{15791CFF-DC8C-46B7-AFCA-8A61DAF4A29A}.Release|x64.ActiveCfg = Release|Any CPU
		{15791CFF-DC8C-46B7-AFCA-8A61DAF4A29A}.Release|x64.Build.0 = Release|Any CPU
		{15791CFF-DC8C-46B7-AFCA-8A61DAF4A29A}.Release|x86.ActiveCfg = Release|Any CPU
		{15791CFF-DC8C-46B7-AFCA-8A61DAF4A29A}.Release|x86.Build.0 = Release|Any CPU
		{CB75818B-3BC7-480A-A779-FE6BC66F81ED}.Debug|Any CPU.ActiveCfg = Debug|Any CPU
		{CB75818B-3BC7-480A-A779-FE6BC66F81ED}.Debug|Any CPU.Build.0 = Debug|Any CPU
		{CB75818B-3BC7-480A-A779-FE6BC66F81ED}.Debug|x64.ActiveCfg = Debug|Any CPU
		{CB75818B-3BC7-480A-A779-FE6BC66F81ED}.Debug|x64.Build.0 = Debug|Any CPU
		{CB75818B-3BC7-480A-A779-FE6BC66F81ED}.Debug|x86.ActiveCfg = Debug|Any CPU
		{CB75818B-3BC7-480A-A779-FE6BC66F81ED}.Debug|x86.Build.0 = Debug|Any CPU
		{CB75818B-3BC7-480A-A779-FE6BC66F81ED}.Release|Any CPU.ActiveCfg = Release|Any CPU
		{CB75818B-3BC7-480A-A779-FE6BC66F81ED}.Release|Any CPU.Build.0 = Release|Any CPU
		{CB75818B-3BC7-480A-A779-FE6BC66F81ED}.Release|x64.ActiveCfg = Release|Any CPU
		{CB75818B-3BC7-480A-A779-FE6BC66F81ED}.Release|x64.Build.0 = Release|Any CPU
		{CB75818B-3BC7-480A-A779-FE6BC66F81ED}.Release|x86.ActiveCfg = Release|Any CPU
		{CB75818B-3BC7-480A-A779-FE6BC66F81ED}.Release|x86.Build.0 = Release|Any CPU
		{47CA1B76-584D-492B-A772-0D0C8FCBBCDB}.Debug|Any CPU.ActiveCfg = Debug|Any CPU
		{47CA1B76-584D-492B-A772-0D0C8FCBBCDB}.Debug|Any CPU.Build.0 = Debug|Any CPU
		{47CA1B76-584D-492B-A772-0D0C8FCBBCDB}.Debug|x64.ActiveCfg = Debug|Any CPU
		{47CA1B76-584D-492B-A772-0D0C8FCBBCDB}.Debug|x64.Build.0 = Debug|Any CPU
		{47CA1B76-584D-492B-A772-0D0C8FCBBCDB}.Debug|x86.ActiveCfg = Debug|Any CPU
		{47CA1B76-584D-492B-A772-0D0C8FCBBCDB}.Debug|x86.Build.0 = Debug|Any CPU
		{47CA1B76-584D-492B-A772-0D0C8FCBBCDB}.Release|Any CPU.ActiveCfg = Release|Any CPU
		{47CA1B76-584D-492B-A772-0D0C8FCBBCDB}.Release|Any CPU.Build.0 = Release|Any CPU
		{47CA1B76-584D-492B-A772-0D0C8FCBBCDB}.Release|x64.ActiveCfg = Release|Any CPU
		{47CA1B76-584D-492B-A772-0D0C8FCBBCDB}.Release|x64.Build.0 = Release|Any CPU
		{47CA1B76-584D-492B-A772-0D0C8FCBBCDB}.Release|x86.ActiveCfg = Release|Any CPU
		{47CA1B76-584D-492B-A772-0D0C8FCBBCDB}.Release|x86.Build.0 = Release|Any CPU
		{99994607-13E7-4472-80C7-A2817E5B019D}.Debug|Any CPU.ActiveCfg = Debug|Any CPU
		{99994607-13E7-4472-80C7-A2817E5B019D}.Debug|Any CPU.Build.0 = Debug|Any CPU
		{99994607-13E7-4472-80C7-A2817E5B019D}.Debug|x64.ActiveCfg = Debug|Any CPU
		{99994607-13E7-4472-80C7-A2817E5B019D}.Debug|x64.Build.0 = Debug|Any CPU
		{99994607-13E7-4472-80C7-A2817E5B019D}.Debug|x86.ActiveCfg = Debug|Any CPU
		{99994607-13E7-4472-80C7-A2817E5B019D}.Debug|x86.Build.0 = Debug|Any CPU
		{99994607-13E7-4472-80C7-A2817E5B019D}.Release|Any CPU.ActiveCfg = Release|Any CPU
		{99994607-13E7-4472-80C7-A2817E5B019D}.Release|Any CPU.Build.0 = Release|Any CPU
		{99994607-13E7-4472-80C7-A2817E5B019D}.Release|x64.ActiveCfg = Release|Any CPU
		{99994607-13E7-4472-80C7-A2817E5B019D}.Release|x64.Build.0 = Release|Any CPU
		{99994607-13E7-4472-80C7-A2817E5B019D}.Release|x86.ActiveCfg = Release|Any CPU
		{99994607-13E7-4472-80C7-A2817E5B019D}.Release|x86.Build.0 = Release|Any CPU
	EndGlobalSection
	GlobalSection(SolutionProperties) = preSolution
		HideSolutionNode = FALSE
	EndGlobalSection
	GlobalSection(NestedProjects) = preSolution
		{B9F4B465-050E-4C3E-B6B9-11D12278EC2C} = {A89EB8B7-7D52-40B6-9676-6CFB19AFC98C}
		{15791CFF-DC8C-46B7-AFCA-8A61DAF4A29A} = {A89EB8B7-7D52-40B6-9676-6CFB19AFC98C}
		{CB75818B-3BC7-480A-A779-FE6BC66F81ED} = {FD007A12-128B-4BBE-83B1-FFD36EED030B}
		{47CA1B76-584D-492B-A772-0D0C8FCBBCDB} = {A89EB8B7-7D52-40B6-9676-6CFB19AFC98C}
		{99994607-13E7-4472-80C7-A2817E5B019D} = {FD007A12-128B-4BBE-83B1-FFD36EED030B}
	EndGlobalSection
EndGlobal
